
Microsoft Visual Studio Solution File, Format Version 12.00
Project("{FAE04EC0-301F-11D3-BF4B-00C04F79EFBC}") = "EightPuzzle", "EightPuzzle.csproj", "{B3248C9E-4736-4052-B270-A4FF12058BD3}"
EndProject
Global
	GlobalSection(SolutionConfigurationPlatforms) = preSolution
		Debug|Any CPU = Debug|Any CPU
		Release|Any CPU = Release|Any CPU
	EndGlobalSection
	GlobalSection(ProjectConfigurationPlatforms) = postSolution
		{B3248C9E-4736-4052-B270-A4FF12058BD3}.Debug|Any CPU.ActiveCfg = Debug|Any CPU
		{B3248C9E-4736-4052-B270-A4FF12058BD3}.Debug|Any CPU.Build.0 = Debug|Any CPU
		{B3248C9E-4736-4052-B270-A4FF12058BD3}.Release|Any CPU.ActiveCfg = Release|Any CPU
		{B3248C9E-4736-4052-B270-A4FF12058BD3}.Release|Any CPU.Build.0 = Release|Any CPU
	EndGlobalSection
EndGlobal
